// !$*UTF8*$!
{
	archiveVersion = 1;
	classes = {
	};
	objectVersion = 50;
	objects = {

/* Begin PBXBuildFile section */
		CB3E20CF25288A7700A77EEA /* AppDelegate.swift in Sources */ = {isa = PBXBuildFile; fileRef = CB3E20CE25288A7700A77EEA /* AppDelegate.swift */; };
		CB3E20D125288A7700A77EEA /* SceneDelegate.swift in Sources */ = {isa = PBXBuildFile; fileRef = CB3E20D025288A7700A77EEA /* SceneDelegate.swift */; };
		CB3E20D325288A7700A77EEA /* ViewController.swift in Sources */ = {isa = PBXBuildFile; fileRef = CB3E20D225288A7700A77EEA /* ViewController.swift */; };
		CB3E20D625288A7700A77EEA /* Main.storyboard in Resources */ = {isa = PBXBuildFile; fileRef = CB3E20D425288A7700A77EEA /* Main.storyboard */; };
		CB3E20D825288A7800A77EEA /* Assets.xcassets in Resources */ = {isa = PBXBuildFile; fileRef = CB3E20D725288A7800A77EEA /* Assets.xcassets */; };
		CB3E20DB25288A7800A77EEA /* LaunchScreen.storyboard in Resources */ = {isa = PBXBuildFile; fileRef = CB3E20D925288A7800A77EEA /* LaunchScreen.storyboard */; };
		CB3E20E625288A7800A77EEA /* YusukeTimerTests.swift in Sources */ = {isa = PBXBuildFile; fileRef = CB3E20E525288A7800A77EEA /* YusukeTimerTests.swift */; };
		CB3E20F125288A7800A77EEA /* YusukeTimerUITests.swift in Sources */ = {isa = PBXBuildFile; fileRef = CB3E20F025288A7800A77EEA /* YusukeTimerUITests.swift */; };
/* End PBXBuildFile section */

/* Begin PBXContainerItemProxy section */
		CB3E20E225288A7800A77EEA /* PBXContainerItemProxy */ = {
			isa = PBXContainerItemProxy;
			containerPortal = CB3E20C325288A7700A77EEA /* Project object */;
			proxyType = 1;
			remoteGlobalIDString = CB3E20CA25288A7700A77EEA;
			remoteInfo = YusukeTimer;
		};
		CB3E20ED25288A7800A77EEA /* PBXContainerItemProxy */ = {
			isa = PBXContainerItemProxy;
			containerPortal = CB3E20C325288A7700A77EEA /* Project object */;
			proxyType = 1;
			remoteGlobalIDString = CB3E20CA25288A7700A77EEA;
			remoteInfo = YusukeTimer;
		};
/* End PBXContainerItemProxy section */

/* Begin PBXFileReference section */
		CB3E20CB25288A7700A77EEA /* YusukeTimer.app */ = {isa = PBXFileReference; explicitFileType = wrapper.application; includeInIndex = 0; path = YusukeTimer.app; sourceTree = BUILT_PRODUCTS_DIR; };
		CB3E20CE25288A7700A77EEA /* AppDelegate.swift */ = {isa = PBXFileReference; lastKnownFileType = sourcecode.swift; path = AppDelegate.swift; sourceTree = "<group>"; };
		CB3E20D025288A7700A77EEA /* SceneDelegate.swift */ = {isa = PBXFileReference; lastKnownFileType = sourcecode.swift; path = SceneDelegate.swift; sourceTree = "<group>"; };
		CB3E20D225288A7700A77EEA /* ViewController.swift */ = {isa = PBXFileReference; lastKnownFileType = sourcecode.swift; path = ViewController.swift; sourceTree = "<group>"; };
		CB3E20D525288A7700A77EEA /* Base */ = {isa = PBXFileReference; lastKnownFileType = file.storyboard; name = Base; path = Base.lproj/Main.storyboard; sourceTree = "<group>"; };
		CB3E20D725288A7800A77EEA /* Assets.xcassets */ = {isa = PBXFileReference; lastKnownFileType = folder.assetcatalog; path = Assets.xcassets; sourceTree = "<group>"; };
		CB3E20DA25288A7800A77EEA /* Base */ = {isa = PBXFileReference; lastKnownFileType = file.storyboard; name = Base; path = Base.lproj/LaunchScreen.storyboard; sourceTree = "<group>"; };
		CB3E20DC25288A7800A77EEA /* Info.plist */ = {isa = PBXFileReference; lastKnownFileType = text.plist.xml; path = Info.plist; sourceTree = "<group>"; };
		CB3E20E125288A7800A77EEA /* YusukeTimerTests.xctest */ = {isa = PBXFileReference; explicitFileType = wrapper.cfbundle; includeInIndex = 0; path = YusukeTimerTests.xctest; sourceTree = BUILT_PRODUCTS_DIR; };
		CB3E20E525288A7800A77EEA /* YusukeTimerTests.swift */ = {isa = PBXFileReference; lastKnownFileType = sourcecode.swift; path = YusukeTimerTests.swift; sourceTree = "<group>"; };
		CB3E20E725288A7800A77EEA /* Info.plist */ = {isa = PBXFileReference; lastKnownFileType = text.plist.xml; path = Info.plist; sourceTree = "<group>"; };
		CB3E20EC25288A7800A77EEA /* YusukeTimerUITests.xctest */ = {isa = PBXFileReference; explicitFileType = wrapper.cfbundle; includeInIndex = 0; path = YusukeTimerUITests.xctest; sourceTree = BUILT_PRODUCTS_DIR; };
		CB3E20F025288A7800A77EEA /* YusukeTimerUITests.swift */ = {isa = PBXFileReference; lastKnownFileType = sourcecode.swift; path = YusukeTimerUITests.swift; sourceTree = "<group>"; };
		CB3E20F225288A7800A77EEA /* Info.plist */ = {isa = PBXFileReference; lastKnownFileType = text.plist.xml; path = Info.plist; sourceTree = "<group>"; };
/* End PBXFileReference section */

/* Begin PBXFrameworksBuildPhase section */
		CB3E20C825288A7700A77EEA /* Frameworks */ = {
			isa = PBXFrameworksBuildPhase;
			buildActionMask = 2147483647;
			files = (
			);
			runOnlyForDeploymentPostprocessing = 0;
		};
		CB3E20DE25288A7800A77EEA /* Frameworks */ = {
			isa = PBXFrameworksBuildPhase;
			buildActionMask = 2147483647;
			files = (
			);
			runOnlyForDeploymentPostprocessing = 0;
		};
		CB3E20E925288A7800A77EEA /* Frameworks */ = {
			isa = PBXFrameworksBuildPhase;
			buildActionMask = 2147483647;
			files = (
			);
			runOnlyForDeploymentPostprocessing = 0;
		};
/* End PBXFrameworksBuildPhase section */

/* Begin PBXGroup section */
		CB3E20C225288A7700A77EEA = {
			isa = PBXGroup;
			children = (
				CB3E20CD25288A7700A77EEA /* YusukeTimer */,
				CB3E20E425288A7800A77EEA /* YusukeTimerTests */,
				CB3E20EF25288A7800A77EEA /* YusukeTimerUITests */,
				CB3E20CC25288A7700A77EEA /* Products */,
			);
			sourceTree = "<group>";
		};
		CB3E20CC25288A7700A77EEA /* Products */ = {
			isa = PBXGroup;
			children = (
				CB3E20CB25288A7700A77EEA /* YusukeTimer.app */,
				CB3E20E125288A7800A77EEA /* YusukeTimerTests.xctest */,
				CB3E20EC25288A7800A77EEA /* YusukeTimerUITests.xctest */,
			);
			name = Products;
			sourceTree = "<group>";
		};
		CB3E20CD25288A7700A77EEA /* YusukeTimer */ = {
			isa = PBXGroup;
			children = (
				CB3E20CE25288A7700A77EEA /* AppDelegate.swift */,
				CB3E20D025288A7700A77EEA /* SceneDelegate.swift */,
				CB3E20D225288A7700A77EEA /* ViewController.swift */,
				CB3E20D425288A7700A77EEA /* Main.storyboard */,
				CB3E20D725288A7800A77EEA /* Assets.xcassets */,
				CB3E20D925288A7800A77EEA /* LaunchScreen.storyboard */,
				CB3E20DC25288A7800A77EEA /* Info.plist */,
			);
			path = YusukeTimer;
			sourceTree = "<group>";
		};
		CB3E20E425288A7800A77EEA /* YusukeTimerTests */ = {
			isa = PBXGroup;
			children = (
				CB3E20E525288A7800A77EEA /* YusukeTimerTests.swift */,
				CB3E20E725288A7800A77EEA /* Info.plist */,
			);
			path = YusukeTimerTests;
			sourceTree = "<group>";
		};
		CB3E20EF25288A7800A77EEA /* YusukeTimerUITests */ = {
			isa = PBXGroup;
			children = (
				CB3E20F025288A7800A77EEA /* YusukeTimerUITests.swift */,
				CB3E20F225288A7800A77EEA /* Info.plist */,
			);
			path = YusukeTimerUITests;
			sourceTree = "<group>";
		};
/* End PBXGroup section */

/* Begin PBXNativeTarget section */
		CB3E20CA25288A7700A77EEA /* YusukeTimer */ = {
			isa = PBXNativeTarget;
			buildConfigurationList = CB3E20F525288A7800A77EEA /* Build configuration list for PBXNativeTarget "YusukeTimer" */;
			buildPhases = (
				CB3E20C725288A7700A77EEA /* Sources */,
				CB3E20C825288A7700A77EEA /* Frameworks */,
				CB3E20C925288A7700A77EEA /* Resources */,
			);
			buildRules = (
			);
			dependencies = (
			);
			name = YusukeTimer;
			productName = YusukeTimer;
			productReference = CB3E20CB25288A7700A77EEA /* YusukeTimer.app */;
			productType = "com.apple.product-type.application";
		};
		CB3E20E025288A7800A77EEA /* YusukeTimerTests */ = {
			isa = PBXNativeTarget;
			buildConfigurationList = CB3E20F825288A7800A77EEA /* Build configuration list for PBXNativeTarget "YusukeTimerTests" */;
			buildPhases = (
				CB3E20DD25288A7800A77EEA /* Sources */,
				CB3E20DE25288A7800A77EEA /* Frameworks */,
				CB3E20DF25288A7800A77EEA /* Resources */,
			);
			buildRules = (
			);
			dependencies = (
				CB3E20E325288A7800A77EEA /* PBXTargetDependency */,
			);
			name = YusukeTimerTests;
			productName = YusukeTimerTests;
			productReference = CB3E20E125288A7800A77EEA /* YusukeTimerTests.xctest */;
			productType = "com.apple.product-type.bundle.unit-test";
		};
		CB3E20EB25288A7800A77EEA /* YusukeTimerUITests */ = {
			isa = PBXNativeTarget;
			buildConfigurationList = CB3E20FB25288A7800A77EEA /* Build configuration list for PBXNativeTarget "YusukeTimerUITests" */;
			buildPhases = (
				CB3E20E825288A7800A77EEA /* Sources */,
				CB3E20E925288A7800A77EEA /* Frameworks */,
				CB3E20EA25288A7800A77EEA /* Resources */,
			);
			buildRules = (
			);
			dependencies = (
				CB3E20EE25288A7800A77EEA /* PBXTargetDependency */,
			);
			name = YusukeTimerUITests;
			productName = YusukeTimerUITests;
			productReference = CB3E20EC25288A7800A77EEA /* YusukeTimerUITests.xctest */;
			productType = "com.apple.product-type.bundle.ui-testing";
		};
/* End PBXNativeTarget section */

/* Begin PBXProject section */
		CB3E20C325288A7700A77EEA /* Project object */ = {
			isa = PBXProject;
			attributes = {
				LastSwiftUpdateCheck = 1200;
				LastUpgradeCheck = 1200;
				TargetAttributes = {
					CB3E20CA25288A7700A77EEA = {
						CreatedOnToolsVersion = 12.0.1;
					};
					CB3E20E025288A7800A77EEA = {
						CreatedOnToolsVersion = 12.0.1;
						TestTargetID = CB3E20CA25288A7700A77EEA;
					};
					CB3E20EB25288A7800A77EEA = {
						CreatedOnToolsVersion = 12.0.1;
						TestTargetID = CB3E20CA25288A7700A77EEA;
					};
				};
			};
			buildConfigurationList = CB3E20C625288A7700A77EEA /* Build configuration list for PBXProject "YusukeTimer" */;
			compatibilityVersion = "Xcode 9.3";
			developmentRegion = en;
			hasScannedForEncodings = 0;
			knownRegions = (
				en,
				Base,
			);
			mainGroup = CB3E20C225288A7700A77EEA;
			productRefGroup = CB3E20CC25288A7700A77EEA /* Products */;
			projectDirPath = "";
			projectRoot = "";
			targets = (
				CB3E20CA25288A7700A77EEA /* YusukeTimer */,
				CB3E20E025288A7800A77EEA /* YusukeTimerTests */,
				CB3E20EB25288A7800A77EEA /* YusukeTimerUITests */,
			);
		};
/* End PBXProject section */

/* Begin PBXResourcesBuildPhase section */
		CB3E20C925288A7700A77EEA /* Resources */ = {
			isa = PBXResourcesBuildPhase;
			buildActionMask = 2147483647;
			files = (
				CB3E20DB25288A7800A77EEA /* LaunchScreen.storyboard in Resources */,
				CB3E20D825288A7800A77EEA /* Assets.xcassets in Resources */,
				CB3E20D625288A7700A77EEA /* Main.storyboard in Resources */,
			);
			runOnlyForDeploymentPostprocessing = 0;
		};
		CB3E20DF25288A7800A77EEA /* Resources */ = {
			isa = PBXResourcesBuildPhase;
			buildActionMask = 2147483647;
			files = (
			);
			runOnlyForDeploymentPostprocessing = 0;
		};
		CB3E20EA25288A7800A77EEA /* Resources */ = {
			isa = PBXResourcesBuildPhase;
			buildActionMask = 2147483647;
			files = (
			);
			runOnlyForDeploymentPostprocessing = 0;
		};
/* End PBXResourcesBuildPhase section */

/* Begin PBXSourcesBuildPhase section */
		CB3E20C725288A7700A77EEA /* Sources */ = {
			isa = PBXSourcesBuildPhase;
			buildActionMask = 2147483647;
			files = (
				CB3E20D325288A7700A77EEA /* ViewController.swift in Sources */,
				CB3E20CF25288A7700A77EEA /* AppDelegate.swift in Sources */,
				CB3E20D125288A7700A77EEA /* SceneDelegate.swift in Sources */,
			);
			runOnlyForDeploymentPostprocessing = 0;
		};
		CB3E20DD25288A7800A77EEA /* Sources */ = {
			isa = PBXSourcesBuildPhase;
			buildActionMask = 2147483647;
			files = (
				CB3E20E625288A7800A77EEA /* YusukeTimerTests.swift in Sources */,
			);
			runOnlyForDeploymentPostprocessing = 0;
		};
		CB3E20E825288A7800A77EEA /* Sources */ = {
			isa = PBXSourcesBuildPhase;
			buildActionMask = 2147483647;
			files = (
				CB3E20F125288A7800A77EEA /* YusukeTimerUITests.swift in Sources */,
			);
			runOnlyForDeploymentPostprocessing = 0;
		};
/* End PBXSourcesBuildPhase section */

/* Begin PBXTargetDependency section */
		CB3E20E325288A7800A77EEA /* PBXTargetDependency */ = {
			isa = PBXTargetDependency;
			target = CB3E20CA25288A7700A77EEA /* YusukeTimer */;
			targetProxy = CB3E20E225288A7800A77EEA /* PBXContainerItemProxy */;
		};
		CB3E20EE25288A7800A77EEA /* PBXTargetDependency */ = {
			isa = PBXTargetDependency;
			target = CB3E20CA25288A7700A77EEA /* YusukeTimer */;
			targetProxy = CB3E20ED25288A7800A77EEA /* PBXContainerItemProxy */;
		};
/* End PBXTargetDependency section */

/* Begin PBXVariantGroup section */
		CB3E20D425288A7700A77EEA /* Main.storyboard */ = {
			isa = PBXVariantGroup;
			children = (
				CB3E20D525288A7700A77EEA /* Base */,
			);
			name = Main.storyboard;
			sourceTree = "<group>";
		};
		CB3E20D925288A7800A77EEA /* LaunchScreen.storyboard */ = {
			isa = PBXVariantGroup;
			children = (
				CB3E20DA25288A7800A77EEA /* Base */,
			);
			name = LaunchScreen.storyboard;
			sourceTree = "<group>";
		};
/* End PBXVariantGroup section */

/* Begin XCBuildConfiguration section */
		CB3E20F325288A7800A77EEA /* Debug */ = {
			isa = XCBuildConfiguration;
			buildSettings = {
				ALWAYS_SEARCH_USER_PATHS = NO;
				CLANG_ANALYZER_NONNULL = YES;
				CLANG_ANALYZER_NUMBER_OBJECT_CONVERSION = YES_AGGRESSIVE;
				CLANG_CXX_LANGUAGE_STANDARD = "gnu++14";
				CLANG_CXX_LIBRARY = "libc++";
				CLANG_ENABLE_MODULES = YES;
				CLANG_ENABLE_OBJC_ARC = YES;
				CLANG_ENABLE_OBJC_WEAK = YES;
				CLANG_WARN_BLOCK_CAPTURE_AUTORELEASING = YES;
				CLANG_WARN_BOOL_CONVERSION = YES;
				CLANG_WARN_COMMA = YES;
				CLANG_WARN_CONSTANT_CONVERSION = YES;
				CLANG_WARN_DEPRECATED_OBJC_IMPLEMENTATIONS = YES;
				CLANG_WARN_DIRECT_OBJC_ISA_USAGE = YES_ERROR;
				CLANG_WARN_DOCUMENTATION_COMMENTS = YES;
				CLANG_WARN_EMPTY_BODY = YES;
				CLANG_WARN_ENUM_CONVERSION = YES;
				CLANG_WARN_INFINITE_RECURSION = YES;
				CLANG_WARN_INT_CONVERSION = YES;
				CLANG_WARN_NON_LITERAL_NULL_CONVERSION = YES;
				CLANG_WARN_OBJC_IMPLICIT_RETAIN_SELF = YES;
				CLANG_WARN_OBJC_LITERAL_CONVERSION = YES;
				CLANG_WARN_OBJC_ROOT_CLASS = YES_ERROR;
				CLANG_WARN_QUOTED_INCLUDE_IN_FRAMEWORK_HEADER = YES;
				CLANG_WARN_RANGE_LOOP_ANALYSIS = YES;
				CLANG_WARN_STRICT_PROTOTYPES = YES;
				CLANG_WARN_SUSPICIOUS_MOVE = YES;
				CLANG_WARN_UNGUARDED_AVAILABILITY = YES_AGGRESSIVE;
				CLANG_WARN_UNREACHABLE_CODE = YES;
				CLANG_WARN__DUPLICATE_METHOD_MATCH = YES;
				COPY_PHASE_STRIP = NO;
				DEBUG_INFORMATION_FORMAT = dwarf;
				ENABLE_STRICT_OBJC_MSGSEND = YES;
				ENABLE_TESTABILITY = YES;
				GCC_C_LANGUAGE_STANDARD = gnu11;
				GCC_DYNAMIC_NO_PIC = NO;
				GCC_NO_COMMON_BLOCKS = YES;
				GCC_OPTIMIZATION_LEVEL = 0;
				GCC_PREPROCESSOR_DEFINITIONS = (
					"DEBUG=1",
					"$(inherited)",
				);
				GCC_WARN_64_TO_32_BIT_CONVERSION = YES;
				GCC_WARN_ABOUT_RETURN_TYPE = YES_ERROR;
				GCC_WARN_UNDECLARED_SELECTOR = YES;
				GCC_WARN_UNINITIALIZED_AUTOS = YES_AGGRESSIVE;
				GCC_WARN_UNUSED_FUNCTION = YES;
				GCC_WARN_UNUSED_VARIABLE = YES;
				IPHONEOS_DEPLOYMENT_TARGET = 14.0;
				MTL_ENABLE_DEBUG_INFO = INCLUDE_SOURCE;
				MTL_FAST_MATH = YES;
				ONLY_ACTIVE_ARCH = YES;
				SDKROOT = iphoneos;
				SWIFT_ACTIVE_COMPILATION_CONDITIONS = DEBUG;
				SWIFT_OPTIMIZATION_LEVEL = "-Onone";
			};
			name = Debug;
		};
		CB3E20F425288A7800A77EEA /* Release */ = {
			isa = XCBuildConfiguration;
			buildSettings = {
				ALWAYS_SEARCH_USER_PATHS = NO;
				CLANG_ANALYZER_NONNULL = YES;
				CLANG_ANALYZER_NUMBER_OBJECT_CONVERSION = YES_AGGRESSIVE;
				CLANG_CXX_LANGUAGE_STANDARD = "gnu++14";
				CLANG_CXX_LIBRARY = "libc++";
				CLANG_ENABLE_MODULES = YES;
				CLANG_ENABLE_OBJC_ARC = YES;
				CLANG_ENABLE_OBJC_WEAK = YES;
				CLANG_WARN_BLOCK_CAPTURE_AUTORELEASING = YES;
				CLANG_WARN_BOOL_CONVERSION = YES;
				CLANG_WARN_COMMA = YES;
				CLANG_WARN_CONSTANT_CONVERSION = YES;
				CLANG_WARN_DEPRECATED_OBJC_IMPLEMENTATIONS = YES;
				CLANG_WARN_DIRECT_OBJC_ISA_USAGE = YES_ERROR;
				CLANG_WARN_DOCUMENTATION_COMMENTS = YES;
				CLANG_WARN_EMPTY_BODY = YES;
				CLANG_WARN_ENUM_CONVERSION = YES;
				CLANG_WARN_INFINITE_RECURSION = YES;
				CLANG_WARN_INT_CONVERSION = YES;
				CLANG_WARN_NON_LITERAL_NULL_CONVERSION = YES;
				CLANG_WARN_OBJC_IMPLICIT_RETAIN_SELF = YES;
				CLANG_WARN_OBJC_LITERAL_CONVERSION = YES;
				CLANG_WARN_OBJC_ROOT_CLASS = YES_ERROR;
				CLANG_WARN_QUOTED_INCLUDE_IN_FRAMEWORK_HEADER = YES;
				CLANG_WARN_RANGE_LOOP_ANALYSIS = YES;
				CLANG_WARN_STRICT_PROTOTYPES = YES;
				CLANG_WARN_SUSPICIOUS_MOVE = YES;
				CLANG_WARN_UNGUARDED_AVAILABILITY = YES_AGGRESSIVE;
				CLANG_WARN_UNREACHABLE_CODE = YES;
				CLANG_WARN__DUPLICATE_METHOD_MATCH = YES;
				COPY_PHASE_STRIP = NO;
				DEBUG_INFORMATION_FORMAT = "dwarf-with-dsym";
				ENABLE_NS_ASSERTIONS = NO;
				ENABLE_STRICT_OBJC_MSGSEND = YES;
				GCC_C_LANGUAGE_STANDARD = gnu11;
				GCC_NO_COMMON_BLOCKS = YES;
				GCC_WARN_64_TO_32_BIT_CONVERSION = YES;
				GCC_WARN_ABOUT_RETURN_TYPE = YES_ERROR;
				GCC_WARN_UNDECLARED_SELECTOR = YES;
				GCC_WARN_UNINITIALIZED_AUTOS = YES_AGGRESSIVE;
				GCC_WARN_UNUSED_FUNCTION = YES;
				GCC_WARN_UNUSED_VARIABLE = YES;
				IPHONEOS_DEPLOYMENT_TARGET = 14.0;
				MTL_ENABLE_DEBUG_INFO = NO;
				MTL_FAST_MATH = YES;
				SDKROOT = iphoneos;
				SWIFT_COMPILATION_MODE = wholemodule;
				SWIFT_OPTIMIZATION_LEVEL = "-O";
				VALIDATE_PRODUCT = YES;
			};
			name = Release;
		};
		CB3E20F625288A7800A77EEA /* Debug */ = {
			isa = XCBuildConfiguration;
			buildSettings = {
				ASSETCATALOG_COMPILER_APPICON_NAME = AppIcon;
				ASSETCATALOG_COMPILER_GLOBAL_ACCENT_COLOR_NAME = AccentColor;
				CODE_SIGN_STYLE = Automatic;
				DEVELOPMENT_TEAM = YH73XZSZGX;
				INFOPLIST_FILE = YusukeTimer/Info.plist;
				LD_RUNPATH_SEARCH_PATHS = (
					"$(inherited)",
					"@executable_path/Frameworks",
				);
				PRODUCT_BUNDLE_IDENTIFIER = jp.techacademy.yusuke.murayama.YusukeTimer;
				PRODUCT_NAME = "$(TARGET_NAME)";
				SWIFT_VERSION = 5.0;
				TARGETED_DEVICE_FAMILY = "1,2";
			};
			name = Debug;
		};
		CB3E20F725288A7800A77EEA /* Release */ = {
			isa = XCBuildConfiguration;
			buildSettings = {
				ASSETCATALOG_COMPILER_APPICON_NAME = AppIcon;
				ASSETCATALOG_COMPILER_GLOBAL_ACCENT_COLOR_NAME = AccentColor;
				CODE_SIGN_STYLE = Automatic;
				DEVELOPMENT_TEAM = YH73XZSZGX;
				INFOPLIST_FILE = YusukeTimer/Info.plist;
				LD_RUNPATH_SEARCH_PATHS = (
					"$(inherited)",
					"@executable_path/Frameworks",
				);
				PRODUCT_BUNDLE_IDENTIFIER = jp.techacademy.yusuke.murayama.YusukeTimer;
				PRODUCT_NAME = "$(TARGET_NAME)";
				SWIFT_VERSION = 5.0;
				TARGETED_DEVICE_FAMILY = "1,2";
			};
			name = Release;
		};
		CB3E20F925288A7800A77EEA /* Debug */ = {
			isa = XCBuildConfiguration;
			buildSettings = {
				ALWAYS_EMBED_SWIFT_STANDARD_LIBRARIES = YES;
				BUNDLE_LOADER = "$(TEST_HOST)";
				CODE_SIGN_STYLE = Automatic;
				DEVELOPMENT_TEAM = YH73XZSZGX;
				INFOPLIST_FILE = YusukeTimerTests/Info.plist;
				IPHONEOS_DEPLOYMENT_TARGET = 14.0;
				LD_RUNPATH_SEARCH_PATHS = (
					"$(inherited)",
					"@executable_path/Frameworks",
					"@loader_path/Frameworks",
				);
				PRODUCT_BUNDLE_IDENTIFIER = jp.techacademy.yusuke.murayama.YusukeTimerTests;
				PRODUCT_NAME = "$(TARGET_NAME)";
				SWIFT_VERSION = 5.0;
				TARGETED_DEVICE_FAMILY = "1,2";
				TEST_HOST = "$(BUILT_PRODUCTS_DIR)/YusukeTimer.app/YusukeTimer";
			};
			name = Debug;
		};
		CB3E20FA25288A7800A77EEA /* Release */ = {
			isa = XCBuildConfiguration;
			buildSettings = {
				ALWAYS_EMBED_SWIFT_STANDARD_LIBRARIES = YES;
				BUNDLE_LOADER = "$(TEST_HOST)";
				CODE_SIGN_STYLE = Automatic;
				DEVELOPMENT_TEAM = YH73XZSZGX;
				INFOPLIST_FILE = YusukeTimerTests/Info.plist;
				IPHONEOS_DEPLOYMENT_TARGET = 14.0;
				LD_RUNPATH_SEARCH_PATHS = (
					"$(inherited)",
					"@executable_path/Frameworks",
					"@loader_path/Frameworks",
				);
				PRODUCT_BUNDLE_IDENTIFIER = jp.techacademy.yusuke.murayama.YusukeTimerTests;
				PRODUCT_NAME = "$(TARGET_NAME)";
				SWIFT_VERSION = 5.0;
				TARGETED_DEVICE_FAMILY = "1,2";
				TEST_HOST = "$(BUILT_PRODUCTS_DIR)/YusukeTimer.app/YusukeTimer";
			};
			name = Release;
		};
		CB3E20FC25288A7800A77EEA /* Debug */ = {
			isa = XCBuildConfiguration;
			buildSettings = {
				ALWAYS_EMBED_SWIFT_STANDARD_LIBRARIES = YES;
				CODE_SIGN_STYLE = Automatic;
				DEVELOPMENT_TEAM = YH73XZSZGX;
				INFOPLIST_FILE = YusukeTimerUITests/Info.plist;
				LD_RUNPATH_SEARCH_PATHS = (
					"$(inherited)",
					"@executable_path/Frameworks",
					"@loader_path/Frameworks",
				);
				PRODUCT_BUNDLE_IDENTIFIER = jp.techacademy.yusuke.murayama.YusukeTimerUITests;
				PRODUCT_NAME = "$(TARGET_NAME)";
				SWIFT_VERSION = 5.0;
				TARGETED_DEVICE_FAMILY = "1,2";
				TEST_TARGET_NAME = YusukeTimer;
			};
			name = Debug;
		};
		CB3E20FD25288A7800A77EEA /* Release */ = {
			isa = XCBuildConfiguration;
			buildSettings = {
				ALWAYS_EMBED_SWIFT_STANDARD_LIBRARIES = YES;
				CODE_SIGN_STYLE = Automatic;
				DEVELOPMENT_TEAM = YH73XZSZGX;
				INFOPLIST_FILE = YusukeTimerUITests/Info.plist;
				LD_RUNPATH_SEARCH_PATHS = (
					"$(inherited)",
					"@executable_path/Frameworks",
					"@loader_path/Frameworks",
				);
				PRODUCT_BUNDLE_IDENTIFIER = jp.techacademy.yusuke.murayama.YusukeTimerUITests;
				PRODUCT_NAME = "$(TARGET_NAME)";
				SWIFT_VERSION = 5.0;
				TARGETED_DEVICE_FAMILY = "1,2";
				TEST_TARGET_NAME = YusukeTimer;
			};
			name = Release;
		};
/* End XCBuildConfiguration section */

/* Begin XCConfigurationList section */
		CB3E20C625288A7700A77EEA /* Build configuration list for PBXProject "YusukeTimer" */ = {
			isa = XCConfigurationList;
			buildConfigurations = (
				CB3E20F325288A7800A77EEA /* Debug */,
				CB3E20F425288A7800A77EEA /* Release */,
			);
			defaultConfigurationIsVisible = 0;
			defaultConfigurationName = Release;
		};
		CB3E20F525288A7800A77EEA /* Build configuration list for PBXNativeTarget "YusukeTimer" */ = {
			isa = XCConfigurationList;
			buildConfigurations = (
				CB3E20F625288A7800A77EEA /* Debug */,
				CB3E20F725288A7800A77EEA /* Release */,
			);
			defaultConfigurationIsVisible = 0;
			defaultConfigurationName = Release;
		};
		CB3E20F825288A7800A77EEA /* Build configuration list for PBXNativeTarget "YusukeTimerTests" */ = {
			isa = XCConfigurationList;
			buildConfigurations = (
				CB3E20F925288A7800A77EEA /* Debug */,
				CB3E20FA25288A7800A77EEA /* Release */,
			);
			defaultConfigurationIsVisible = 0;
			defaultConfigurationName = Release;
		};
		CB3E20FB25288A7800A77EEA /* Build configuration list for PBXNativeTarget "YusukeTimerUITests" */ = {
			isa = XCConfigurationList;
			buildConfigurations = (
				CB3E20FC25288A7800A77EEA /* Debug */,
				CB3E20FD25288A7800A77EEA /* Release */,
			);
			defaultConfigurationIsVisible = 0;
			defaultConfigurationName = Release;
		};
/* End XCConfigurationList section */
	};
	rootObject = CB3E20C325288A7700A77EEA /* Project object */;
}
